
Microsoft Visual Studio Solution File, Format Version 12.00
# Visual Studio Version 16
VisualStudioVersion = 16.0.31702.278
MinimumVisualStudioVersion = 10.0.40219.1
Project("{FAE04EC0-301F-11D3-BF4B-00C04F79EFBC}") = "TrindadeMDC", "TrindadeMDC\TrindadeMDC.csproj", "{68F78C80-DEDD-4417-895D-4DD758CBBD90}"
EndProject
Global
	GlobalSection(SolutionConfigurationPlatforms) = preSolution
		Debug|Any CPU = Debug|Any CPU
		Release|Any CPU = Release|Any CPU
	EndGlobalSection
	GlobalSection(ProjectConfigurationPlatforms) = postSolution
		{68F78C80-DEDD-4417-895D-4DD758CBBD90}.Debug|Any CPU.ActiveCfg = Debug|Any CPU
		{68F78C80-DEDD-4417-895D-4DD758CBBD90}.Debug|Any CPU.Build.0 = Debug|Any CPU
		{68F78C80-DEDD-4417-895D-4DD758CBBD90}.Release|Any CPU.ActiveCfg = Release|Any CPU
		{68F78C80-DEDD-4417-895D-4DD758CBBD90}.Release|Any CPU.Build.0 = Release|Any CPU
	EndGlobalSection
	GlobalSection(SolutionProperties) = preSolution
		HideSolutionNode = FALSE
	EndGlobalSection
	GlobalSection(ExtensibilityGlobals) = postSolution
		SolutionGuid = {024ADF41-BE8E-4B0D-A6EA-5ED8E8D3582F}
	EndGlobalSection
EndGlobal
